
Microsoft Visual Studio Solution File, Format Version 12.00
# Visual Studio Version 16
VisualStudioVersion = 16.0.29728.190
MinimumVisualStudioVersion = 10.0.40219.1
Project("{FAE04EC0-301F-11D3-BF4B-00C04F79EFBC}") = "vehiculo01", "vehiculo01.csproj", "{661083DE-857B-4C85-8E1C-C88D84B6127C}"
EndProject
Global
	GlobalSection(SolutionConfigurationPlatforms) = preSolution
		Debug|Any CPU = Debug|Any CPU
		Release|Any CPU = Release|Any CPU
	EndGlobalSection
	GlobalSection(ProjectConfigurationPlatforms) = postSolution
		{661083DE-857B-4C85-8E1C-C88D84B6127C}.Debug|Any CPU.ActiveCfg = Debug|Any CPU
		{661083DE-857B-4C85-8E1C-C88D84B6127C}.Debug|Any CPU.Build.0 = Debug|Any CPU
		{661083DE-857B-4C85-8E1C-C88D84B6127C}.Release|Any CPU.ActiveCfg = Release|Any CPU
		{661083DE-857B-4C85-8E1C-C88D84B6127C}.Release|Any CPU.Build.0 = Release|Any CPU
	EndGlobalSection
	GlobalSection(SolutionProperties) = preSolution
		HideSolutionNode = FALSE
	EndGlobalSection
	GlobalSection(ExtensibilityGlobals) = postSolution
		SolutionGuid = {733C4FC1-3DCD-4A26-89C5-81FB8ECEE5C0}
	EndGlobalSection
EndGlobal
